
Microsoft Visual Studio Solution File, Format Version 12.00
# Visual Studio 14
VisualStudioVersion = 14.0.25420.1
MinimumVisualStudioVersion = 10.0.40219.1
Project("{FAE04EC0-301F-11D3-BF4B-00C04F79EFBC}") = "SentimentClientAsync", "SentimentClientAsync\SentimentClientAsync.csproj", "{2FE67EC1-A997-4E54-AC81-C2AFB9D623EA}"
EndProject
Project("{FAE04EC0-301F-11D3-BF4B-00C04F79EFBC}") = "SentimentClientSync", "SentimentClientSync\SentimentClientSync.csproj", "{91DD835A-AED7-4A0D-AF2F-3D00FE5EEBAB}"
EndProject
Global
	GlobalSection(SolutionConfigurationPlatforms) = preSolution
		Debug|Any CPU = Debug|Any CPU
		Release|Any CPU = Release|Any CPU
	EndGlobalSection
	GlobalSection(ProjectConfigurationPlatforms) = postSolution
		{2FE67EC1-A997-4E54-AC81-C2AFB9D623EA}.Debug|Any CPU.ActiveCfg = Debug|Any CPU
		{2FE67EC1-A997-4E54-AC81-C2AFB9D623EA}.Debug|Any CPU.Build.0 = Debug|Any CPU
		{2FE67EC1-A997-4E54-AC81-C2AFB9D623EA}.Release|Any CPU.ActiveCfg = Release|Any CPU
		{2FE67EC1-A997-4E54-AC81-C2AFB9D623EA}.Release|Any CPU.Build.0 = Release|Any CPU
		{91DD835A-AED7-4A0D-AF2F-3D00FE5EEBAB}.Debug|Any CPU.ActiveCfg = Debug|Any CPU
		{91DD835A-AED7-4A0D-AF2F-3D00FE5EEBAB}.Debug|Any CPU.Build.0 = Debug|Any CPU
		{91DD835A-AED7-4A0D-AF2F-3D00FE5EEBAB}.Release|Any CPU.ActiveCfg = Release|Any CPU
		{91DD835A-AED7-4A0D-AF2F-3D00FE5EEBAB}.Release|Any CPU.Build.0 = Release|Any CPU
	EndGlobalSection
	GlobalSection(SolutionProperties) = preSolution
		HideSolutionNode = FALSE
	EndGlobalSection
EndGlobal
