
Microsoft Visual Studio Solution File, Format Version 12.00
# Visual Studio 14
VisualStudioVersion = 14.0.25420.1
MinimumVisualStudioVersion = 10.0.40219.1
Project("{FAE04EC0-301F-11D3-BF4B-00C04F79EFBC}") = "LanguageClientAsync", "LanguageClientAsync\LanguageClientAsync.csproj", "{2237A711-29CC-4F83-8BB5-0A3ACC248FC2}"
EndProject
Project("{FAE04EC0-301F-11D3-BF4B-00C04F79EFBC}") = "LanguageClientSync", "LanguageClientSync\LanguageClientSync.csproj", "{97E37516-CA29-4CD6-931D-80B325B0A431}"
EndProject
Global
	GlobalSection(SolutionConfigurationPlatforms) = preSolution
		Debug|Any CPU = Debug|Any CPU
		Release|Any CPU = Release|Any CPU
	EndGlobalSection
	GlobalSection(ProjectConfigurationPlatforms) = postSolution
		{2237A711-29CC-4F83-8BB5-0A3ACC248FC2}.Debug|Any CPU.ActiveCfg = Debug|Any CPU
		{2237A711-29CC-4F83-8BB5-0A3ACC248FC2}.Debug|Any CPU.Build.0 = Debug|Any CPU
		{2237A711-29CC-4F83-8BB5-0A3ACC248FC2}.Release|Any CPU.ActiveCfg = Release|Any CPU
		{2237A711-29CC-4F83-8BB5-0A3ACC248FC2}.Release|Any CPU.Build.0 = Release|Any CPU
		{97E37516-CA29-4CD6-931D-80B325B0A431}.Debug|Any CPU.ActiveCfg = Debug|Any CPU
		{97E37516-CA29-4CD6-931D-80B325B0A431}.Debug|Any CPU.Build.0 = Debug|Any CPU
		{97E37516-CA29-4CD6-931D-80B325B0A431}.Release|Any CPU.ActiveCfg = Release|Any CPU
		{97E37516-CA29-4CD6-931D-80B325B0A431}.Release|Any CPU.Build.0 = Release|Any CPU
	EndGlobalSection
	GlobalSection(SolutionProperties) = preSolution
		HideSolutionNode = FALSE
	EndGlobalSection
EndGlobal
